<?xml version="1.0" encoding="utf-8"?>
<Project ToolsVersion="4.0" xmlns="http://schemas.microsoft.com/developer/msbuild/2003">
  <ItemGroup>
    <ClCompile Include="..\Common\File.cpp">
      <Filter>Source</Filter>
    </ClCompile>
    <ClCompile Include="main.cpp">
      <Filter>Source</Filter>
    </ClCompile>
    <ClCompile Include="..\Common\StringHelper.cpp">
      <Filter>Source</Filter>
    </ClCompile>
  </ItemGroup>
  <ItemGroup>
    <ClInclude Include="..\Common\File.h">
      <Filter>Source</Filter>
    </ClInclude>
    <ClInclude Include="..\Common\StringHelper.h">
      <Filter>Source</Filter>
    </ClInclude>
    <ClInclude Include="tickerTape.txt">
      <Filter>Source</Filter>
    </ClInclude>
  </ItemGroup>
  <ItemGroup>
    <Filter Include="Source">
      <UniqueIdentifier>{c0fe27f2-dd0a-4cf9-9176-780b3fbe9f7a}</UniqueIdentifier>
    </Filter>
  </ItemGroup>
  <ItemGroup>
    <Text Include="input.txt">
      <Filter>Source</Filter>
    </Text>
  </ItemGroup>
</Project>